{
    "_meta": {
        "hash": {
            "sha256": "c0cb8ec49267b86e225e4c94f129dae7407b6515d53fac07f8ba156e8406b950"
        },
        "pipfile-spec": 6,
        "requires": {
            "python_version": "3.4"
        },
        "sources": [
            {
                "name": "pypi",
                "url": "https://pypi.org/simple",
                "verify_ssl": true
            }
        ]
    },
    "default": {
        "alembic": {
            "hashes": [
                "sha256:16505782b229007ae905ef9e0ae6e880fddafa406f086ac7d442c1aaf712f8c2"
            ],
            "version": "==1.0.7"
        },
        "amqp": {
            "hashes": [
                "sha256:16056c952e8029ce8db097edf0d7c2fe2ba9de15d30ba08aee2c5221273d8e23",
                "sha256:6816eed27521293ee03aa9ace300a07215b11fee4e845588a9b863a7ba30addb"
            ],
            "version": "==2.4.1"
        },
        "arrow": {
            "hashes": [
                "sha256:3397e5448952e18e1295bf047014659effa5ae8da6a5371d37ff0ddc46fa6872",
                "sha256:6f54d9f016c0b7811fac9fb8c2c7fa7421d80c54dbdd75ffb12913c55db60b8a"
            ],
            "version": "==0.13.1"
        },
        "asn1crypto": {
            "hashes": [
                "sha256:2f1adbb7546ed199e3c90ef23ec95c5cf3585bac7d11fb7eb562a3fe89c64e87",
                "sha256:9d5c20441baf0cb60a4ac34cc447c6c189024b6b4c6cd7877034f4965c464e49"
            ],
            "version": "==0.24.0"
        },
        "babel": {
            "hashes": [
                "sha256:6778d85147d5d85345c14a26aada5e478ab04e39b078b0745ee6870c2b5cf669",
                "sha256:8cba50f48c529ca3fa18cf81fa9403be176d374ac4d60738b839122dfaaa3d23"
            ],
            "version": "==2.6.0"
        },
        "backcall": {
            "hashes": [
                "sha256:38ecd85be2c1e78f77fd91700c76e14667dc21e2713b63876c0eb901196e01e4",
                "sha256:bbbf4b1e5cd2bdb08f915895b51081c041bac22394fdfcfdfbe9f14b77c08bf2"
            ],
            "version": "==0.1.0"
        },
        "billiard": {
            "hashes": [
                "sha256:42d9a227401ac4fba892918bba0a0c409def5435c4b483267ebfe821afaaba0e"
            ],
            "version": "==3.5.0.5"
        },
        "binaryornot": {
            "hashes": [
                "sha256:359501dfc9d40632edc9fac890e19542db1a287bbcfa58175b66658392018061",
                "sha256:b8b71173c917bddcd2c16070412e369c3ed7f0528926f70cac18a6c97fd563e4"
            ],
            "version": "==0.4.4"
        },
        "bleach": {
            "hashes": [
                "sha256:213336e49e102af26d9cde77dd2d0397afabc5a6bf2fed985dc35b5d1e285a16",
                "sha256:3fdf7f77adcf649c9911387df51254b813185e32b2c6619f690b593a617e19fa"
            ],
            "version": "==3.1.0"
        },
        "blinker": {
            "hashes": [
                "sha256:471aee25f3992bd325afa3772f1063dbdbbca947a041b8b89466dc00d606f8b6"
            ],
            "version": "==1.4"
        },
        "celery": {
            "hashes": [
                "sha256:77dab4677e24dc654d42dfbdfed65fa760455b6bb563a0877ecc35f4cfcfc678",
                "sha256:ad7a7411772b80a4d6c64f2f7f723200e39fb66cf614a7fdfab76d345acc7b13"
            ],
            "version": "==4.2.1"
        },
        "certifi": {
            "hashes": [
                "sha256:47f9c83ef4c0c621eaef743f133f09fa8a74a9b75f037e8624f83bd1b6626cb7",
                "sha256:993f830721089fef441cdfeb4b2c8c9df86f0c63239f06bd025a76a7daddb033"
            ],
            "version": "==2018.11.29"
        },
        "cffi": {
            "hashes": [
                "sha256:0b5f895714a7a9905148fc51978c62e8a6cbcace30904d39dcd0d9e2265bb2f6",
                "sha256:27cdc7ba35ee6aa443271d11583b50815c4bb52be89a909d0028e86c21961709",
                "sha256:2d4a38049ea93d5ce3c7659210393524c1efc3efafa151bd85d196fa98fce50a",
                "sha256:3262573d0d60fc6b9d0e0e6e666db0e5045cbe8a531779aa0deb3b425ec5a282",
                "sha256:358e96cfffc185ab8f6e7e425c7bb028931ed08d65402fbcf3f4e1bff6e66556",
                "sha256:37c7db824b5687fbd7ea5519acfd054c905951acc53503547c86be3db0580134",
                "sha256:39b9554dfe60f878e0c6ff8a460708db6e1b1c9cc6da2c74df2955adf83e355d",
                "sha256:42b96a77acf8b2d06821600fa87c208046decc13bd22a4a0e65c5c973443e0da",
                "sha256:5b37dde5035d3c219324cac0e69d96495970977f310b306fa2df5910e1f329a1",
                "sha256:5d35819f5566d0dd254f273d60cf4a2dcdd3ae3003dfd412d40b3fe8ffd87509",
                "sha256:5df73aa465e53549bd03c819c1bc69fb85529a5e1a693b7b6cb64408dd3970d1",
                "sha256:7075b361f7a4d0d4165439992d0b8a3cdfad1f302bf246ed9308a2e33b046bd3",
                "sha256:7678b5a667b0381c173abe530d7bdb0e6e3b98e062490618f04b80ca62686d96",
                "sha256:7dfd996192ff8a535458c17f22ff5eb78b83504c34d10eefac0c77b1322609e2",
                "sha256:8a3be5d31d02c60f84c4fd4c98c5e3a97b49f32e16861367f67c49425f955b28",
                "sha256:9812e53369c469506b123aee9dcb56d50c82fad60c5df87feb5ff59af5b5f55c",
                "sha256:9b6f7ba4e78c52c1a291d0c0c0bd745d19adde1a9e1c03cb899f0c6efd6f8033",
                "sha256:a85bc1d7c3bba89b3d8c892bc0458de504f8b3bcca18892e6ed15b5f7a52ad9d",
                "sha256:aa6b9c843ad645ebb12616de848cc4e25a40f633ccc293c3c9fe34107c02c2ea",
                "sha256:bae1aa56ee00746798beafe486daa7cfb586cd395c6ce822ba3068e48d761bc0",
                "sha256:bae96e26510e4825d5910a196bf6b5a11a18b87d9278db6d08413be8ea799469",
                "sha256:bd78df3b594013b227bf31d0301566dc50ba6f40df38a70ded731d5a8f2cb071",
                "sha256:c2711197154f46d06f73542c539a0ff5411f1951fab391e0a4ac8359badef719",
                "sha256:d998c20e3deed234fca993fd6c8314cb7cbfda05fd170f1bd75bb5d7421c3c5a",
                "sha256:df4f840d77d9e37136f8e6b432fecc9d6b8730f18f896e90628712c793466ce6",
                "sha256:f5653c2581acb038319e6705d4e3593677676df14b112f13e0b5b44b6a18df1a",
                "sha256:f7c7aa485a2e2250d455148470ffd0195eecc3d845122635202d7467d6f7b4cf",
                "sha256:f9e2c66a6493147de835f207f198540a56b26745ce4f272fbc7c2f2cfebeb729"
            ],
            "version": "==1.12.1"
        },
        "chardet": {
            "hashes": [
                "sha256:84ab92ed1c4d4f16916e05906b6b75a6c0fb5db821cc65e70cbd64a3e2a5eaae",
                "sha256:fc323ffcaeaed0e0a02bf4d117757b98aed530d9ed4531e3e15460124c106691"
            ],
            "version": "==3.0.4"
        },
        "click": {
            "hashes": [
                "sha256:2335065e6395b9e67ca716de5f7526736bfa6ceead690adf616d925bdc622b13",
                "sha256:5b94b49521f6456670fdb30cd82a4eca9412788a93fa6dd6df72c94d5a8ff2d7"
            ],
            "version": "==7.0"
        },
        "cookiecutter": {
            "hashes": [
                "sha256:1316a52e1c1f08db0c9efbf7d876dbc01463a74b155a0d83e722be88beda9a3e",
                "sha256:ed8f54a8fc79b6864020d773ce11539b5f08e4617f353de1f22d23226f6a0d36"
            ],
            "version": "==1.6.0"
        },
        "cryptography": {
            "hashes": [
                "sha256:05b3ded5e88747d28ee3ef493f2b92cbb947c1e45cf98cfef22e6d38bb67d4af",
                "sha256:06826e7f72d1770e186e9c90e76b4f84d90cdb917b47ff88d8dc59a7b10e2b1e",
                "sha256:08b753df3672b7066e74376f42ce8fc4683e4fd1358d34c80f502e939ee944d2",
                "sha256:2cd29bd1911782baaee890544c653bb03ec7d95ebeb144d714b0f5c33deb55c7",
                "sha256:31e5637e9036d966824edaa91bf0aa39dc6f525a1c599f39fd5c50340264e079",
                "sha256:42fad67d7072216a49e34f923d8cbda9edacbf6633b19a79655e88a1b4857063",
                "sha256:4946b67235b9d2ea7d31307be9d5ad5959d6c4a8f98f900157b47abddf698401",
                "sha256:522fdb2809603ee97a4d0ef2f8d617bc791eb483313ba307cb9c0a773e5e5695",
                "sha256:6f841c7272645dd7c65b07b7108adfa8af0aaea57f27b7f59e01d41f75444c85",
                "sha256:7d335e35306af5b9bc0560ca39f740dfc8def72749645e193dd35be11fb323b3",
                "sha256:8504661ffe324837f5c4607347eeee4cf0fcad689163c6e9c8d3b18cf1f4a4ad",
                "sha256:9260b201ce584d7825d900c88700aa0bd6b40d4ebac7b213857bd2babee9dbca",
                "sha256:9a30384cc402eac099210ab9b8801b2ae21e591831253883decdb4513b77a3cd",
                "sha256:9e29af877c29338f0cab5f049ccc8bd3ead289a557f144376c4fbc7d1b98914f",
                "sha256:ab50da871bc109b2d9389259aac269dd1b7c7413ee02d06fe4e486ed26882159",
                "sha256:b13c80b877e73bcb6f012813c6f4a9334fcf4b0e96681c5a15dac578f2eedfa0",
                "sha256:bfe66b577a7118e05b04141f0f1ed0959552d45672aa7ecb3d91e319d846001e",
                "sha256:e091bd424567efa4b9d94287a952597c05d22155a13716bf5f9f746b9dc906d3",
                "sha256:fa2b38c8519c5a3aa6e2b4e1cf1a549b54acda6adb25397ff542068e73d1ed00"
            ],
            "version": "==2.5"
        },
        "decorator": {
            "hashes": [
                "sha256:33cd704aea07b4c28b3eb2c97d288a06918275dac0ecebdaf1bc8a48d98adb9e",
                "sha256:cabb249f4710888a2fc0e13e9a16c343d932033718ff62e1e9bc93a9d3a9122b"
            ],
            "version": "==4.3.2"
        },
        "elasticsearch": {
            "hashes": [
                "sha256:7546cc08e3899716e12fe67d12d7cfe9a64647014d1134b014c3c392b63cad42",
                "sha256:aada5cfdc4a543c47098eb3aca6663848ef5d04b4324935ced441debc11ec98b"
            ],
            "version": "==6.3.1"
        },
        "elasticsearch-dsl": {
            "hashes": [
                "sha256:5114a38a88e93a4663782eae07a1e8084ba333c49887335c83de8b8043bc72b2",
                "sha256:d6d974cd2289543a3350690494a43fe9996485b8dc6f1d8758cb56bee01244bd"
            ],
            "version": "==6.1.0"
        },
        "flask": {
            "hashes": [
                "sha256:2271c0070dbcb5275fad4a82e29f23ab92682dc45f9dfbc22c02ba9b9322ce48",
                "sha256:a080b744b7e345ccfcbc77954861cb05b3c63786e93f2b3875e0913d44b43f05"
            ],
            "index": "pypi",
            "version": "==1.0.2"
        },
        "flask-admin": {
            "hashes": [
                "sha256:ca0be6ec11a6913b73f656c65c444ae5be416c57c75638dd3199376ce6bc7422"
            ],
            "version": "==1.5.3"
        },
        "flask-alembic": {
            "hashes": [
                "sha256:05a1e6f4148dbfcc9280a393373bfbd250af6f9f4f0ca9f744ef8f7376a3deec",
                "sha256:7e67740b0b08d58dcae0c701d56b56e60f5fa4af907bb82b4cb0469229ba94ff"
            ],
            "version": "==2.0.1"
        },
        "flask-assets": {
            "hashes": [
                "sha256:6031527b89fb3509d1581d932affa5a79dd348cfffb58d0aef99a43461d47847"
            ],
            "version": "==0.12"
        },
        "flask-babelex": {
            "hashes": [
                "sha256:cf79cdedb5ce860166120136b0e059e9d97b8df07a3bc2411f6243de04b754b4"
            ],
            "version": "==0.9.3"
        },
        "flask-breadcrumbs": {
            "hashes": [
                "sha256:49bf108f448b4066eda20631d9ac699fb25310cfe05867c8d36ae67eafdf237c",
                "sha256:95a5adf1df7eb76c910692cb7001f6d7247428d0ab3ad0fde51223fbc1bed62e"
            ],
            "version": "==0.4.0"
        },
        "flask-caching": {
            "hashes": [
                "sha256:44fe827c6cc519d48fb0945fa05ae3d128af9a98f2a6e71d4702fd512534f227",
                "sha256:e34f24631ba240e09fe6241e1bf652863e0cff06a1a94598e23be526bc2e4985"
            ],
            "version": "==1.4.0"
        },
        "flask-celeryext": {
            "hashes": [
                "sha256:2e2828444cbe299fbfc75868f31ae31d1dfff1a1bd7b8a696a1c71af3f6dac52",
                "sha256:39c60bff85a9442bad252eb075d7e1a5ce6a7482e2141e33a577a9b3e2326610"
            ],
            "version": "==0.3.1"
        },
        "flask-collect": {
            "hashes": [
                "sha256:26c8a76451ba1d31236367afd90f4c5a99ba88392adad675ee4fb93a45a36927",
                "sha256:3274f651b532e93549d37c21c5630fa98e4b9eccf49573f8d920b1225716a12b"
            ],
            "version": "==1.2.2"
        },
        "flask-cors": {
            "hashes": [
                "sha256:7ad56ee3b90d4955148fc25a2ecaa1124fc84298471e266a7fea59aeac4405a5",
                "sha256:7e90bf225fdf163d11b84b59fb17594d0580a16b97ab4e1146b1fb2737c1cfec"
            ],
            "version": "==3.0.7"
        },
        "flask-kvsession": {
            "hashes": [
                "sha256:9c0ee93fae089c45baeda0a3fd3ae32a96ee81c34996017749f8b3fd06df936c"
            ],
            "version": "==0.6.2"
        },
        "flask-limiter": {
            "hashes": [
                "sha256:8cce98dcf25bf2ddbb824c2b503b4fc8e1a139154240fd2c60d9306bad8a0db8"
            ],
            "version": "==1.0.1"
        },
        "flask-login": {
            "hashes": [
                "sha256:c815c1ac7b3e35e2081685e389a665f2c74d7e077cb93cecabaea352da4752ec"
            ],
            "version": "==0.4.1"
        },
        "flask-mail": {
            "hashes": [
                "sha256:22e5eb9a940bf407bcf30410ecc3708f3c56cc44b29c34e1726fe85006935f41"
            ],
            "version": "==0.9.1"
        },
        "flask-menu": {
            "hashes": [
                "sha256:02adee99456f70fcf4472c5ce04a65a083bce78d39144e4daa38e79a123da7e8",
                "sha256:d54f604b2d93d1d7bb95c78d9188b5855b54af399f8cd9e64b2feabd138608bf"
            ],
            "version": "==0.7.0"
        },
        "flask-oauthlib": {
            "hashes": [
                "sha256:cbfe835902569909a19828582c3381148995ad677243016ccad9c951acf69406",
                "sha256:d3e8ea932df01177018c502e5a07eaeb5c27bcb5352b678f14e57f892272bb56"
            ],
            "version": "==0.9.5"
        },
        "flask-principal": {
            "hashes": [
                "sha256:f5d6134b5caebfdbb86f32d56d18ee44b080876a27269560a96ea35f75c99453"
            ],
            "version": "==0.4.0"
        },
        "flask-security": {
            "hashes": [
                "sha256:d61daa5f5a48f89f30f50555872bdf581b2c65804668b0313345cd7beff26432",
                "sha256:ef837c03558db41335c8dabd16ae4977af0a5ef0c2cdecf738e33ef5202ce489"
            ],
            "version": "==3.0.0"
        },
        "flask-shell-ipython": {
            "hashes": [
                "sha256:1a5a9f5479ff9380528ff1896c000160fc2195d9a37b8e4cdd218fc0ce594738",
                "sha256:349b755e17c99f021458250ae18fa234459f35e13a4db82189036b19b14ee1d6"
            ],
            "version": "==0.4.0"
        },
        "flask-sqlalchemy": {
            "hashes": [
                "sha256:3bc0fac969dd8c0ace01b32060f0c729565293302f0c4269beed154b46bec50b",
                "sha256:5971b9852b5888655f11db634e87725a9031e170f37c0ce7851cf83497f56e53"
            ],
            "version": "==2.3.2"
        },
        "flask-talisman": {
            "hashes": [
                "sha256:5d77780b2220012a6748e0b603cbbf7889a2833c4e77157794e13dddb183e347",
                "sha256:e4e3ccba66895e1f46d5b62a9cc0f273731da601bc92d2b9af908011298c0e2b"
            ],
            "version": "==0.5.0"
        },
        "flask-webpackext": {
            "hashes": [
                "sha256:8a5b9032ed707f920234fcc7c32d24962f17213eb66636a53f5d7d8aa7f18da4",
                "sha256:92569ae05b6799a9eba791cc7877a39f1d5545cabd0d4c2cc5bfb5964dbf4958"
            ],
            "version": "==1.0.0"
        },
        "flask-wtf": {
            "hashes": [
                "sha256:5d14d55cfd35f613d99ee7cba0fc3fbbe63ba02f544d349158c14ca15561cc36",
                "sha256:d9a9e366b32dcbb98ef17228e76be15702cd2600675668bca23f63a7947fd5ac"
            ],
            "version": "==0.14.2"
        },
        "ftfy": {
            "hashes": [
                "sha256:3c0066db64a98436e751e56414f03f1cdea54f29364c0632c141c36cca6a5d94"
            ],
            "version": "==4.4.3"
        },
        "future": {
            "hashes": [
                "sha256:67045236dcfd6816dc439556d009594abf643e5eb48992e36beac09c2ca659b8"
            ],
            "version": "==0.17.1"
        },
        "html5lib": {
            "hashes": [
                "sha256:20b159aa3badc9d5ee8f5c647e5efd02ed2a66ab8d354930bd9ff139fc1dc0a3",
                "sha256:66cb0dcfdbbc4f9c3ba1a63fdb511ffdbd4f513b2b6d81b80cd26ce6b3fb3736"
            ],
            "version": "==1.0.1"
        },
        "idna": {
            "hashes": [
                "sha256:156a6814fb5ac1fc6850fb002e0852d56c0c8d2531923a51032d1b70760e186e",
                "sha256:684a38a6f903c1d71d6d5fac066b58d7768af4de2b832e426ec79c30daa94a16"
            ],
            "version": "==2.7"
        },
        "infinity": {
            "hashes": [
                "sha256:dc4aa138d7e366fc00d2e741e32c78a0fecd16b74f8daeb3f7408b459668005c"
            ],
            "version": "==1.4"
        },
        "intervals": {
            "hashes": [
                "sha256:37921da1407a5e9384e8e1350cfb8500f8d0d69fc43d03d01a4fdc6e7a7c7166"
            ],
            "version": "==0.8.1"
        },
        "invenio-access": {
            "hashes": [
                "sha256:7f10b46a546f843db91af2a5af4212469c7a54b1aa8acb6f6352e4f2a94fbfdc",
                "sha256:d0af1539d58a953f4de7fc7afdc19cb4e8cba0dbb4e00fc7b946c3feb0469095"
            ],
            "index": "pypi",
            "version": "==1.0.2"
        },
        "invenio-accounts": {
            "hashes": [
                "sha256:9602ba3fd4e8eabcae44c5eb970c1432edb5377ac17cbd46a2a705e81232de6d",
                "sha256:a52405a0f00305a81175105b5806df60671b75b58c837464cb9f74d92962fa0b"
            ],
            "index": "pypi",
            "version": "==1.0.2"
        },
        "invenio-admin": {
            "hashes": [
                "sha256:39d72c7d6726b66a60a915bb0039e8d553e5b98c7c74b63f4aa1fd7facd73564",
                "sha256:642838279525dd020fcd18fd2015d5da02f86e9f831756137c497a668ddcbef4"
            ],
            "index": "pypi",
            "version": "==1.0.1"
        },
        "invenio-app": {
            "hashes": [
                "sha256:617b8e80e313e46db3d6476fbd4848423115b8d4cf25505f86928c4c94fdbb4a",
                "sha256:b8e084aa57f9a4f2c6439872339d73364ece15be14f75a5ebc6f869eac4d1610"
            ],
            "index": "pypi",
            "version": "==1.1.0"
        },
        "invenio-assets": {
            "hashes": [
                "sha256:92f06424ff93567c731ec2ac07105f4225315dfaa7fb6cf546fd731774ac5231",
                "sha256:aec0b07dd0e4db6a1b509e2dea0be98545eae9aab5125ccb4ad4ce15dd6b7783"
            ],
            "version": "==1.1.2"
        },
        "invenio-base": {
            "hashes": [
                "sha256:6e532854a43e4f54fc7d9b1cbda720ce4ce6383b00cee6ba5f7e86ef78f12fe2",
                "sha256:f972e10b69a68a80c342f0bcf6b3b02a6a67af4fb6e8e347ce8b482fcb47e973"
            ],
            "index": "pypi",
            "version": "==1.0.2"
        },
        "invenio-cache": {
            "hashes": [
                "sha256:8431d8b68dbb737cd7035f6467fec18dd29ad9ac35e20405d52af6c2d294557a",
                "sha256:f3620bb842f9084ddd5dc81f0fe234f58228c33f59e6771483fd09cb127201cc"
            ],
            "version": "==1.0.0"
        },
        "invenio-config": {
            "hashes": [
                "sha256:628f771e351598d7f4e150a30aaa8f3a7daf62f969c7256b6bd211544f5bc494",
                "sha256:d6c8b41c064bedaff1647d815120c5df6b49f8a27556c4157bffd17c1662a5d0"
            ],
            "index": "pypi",
            "version": "==1.0.1"
        },
        "invenio-db": {
            "extras": [
                "postgresql",
                "versioning"
            ],
            "hashes": [
                "sha256:2c012f3515ea0beb0167493775b3f6c54ea5d2fe3c1ae54d6ff1fc99df534fcc",
                "sha256:cc3b913bd4bd7a8cf00e0e0ea3afbf2917b6ad8016df83806a335f8fd497a01e"
            ],
            "index": "pypi",
            "version": "==1.0.2"
        },
        "invenio-i18n": {
            "hashes": [
                "sha256:69513d531ccffdfa47cec1e7cd701c72966573d2e9c4e24c96607cb7324dce48",
                "sha256:b591d753cd79a98bbef98a0ac5d9abf105f5cb8af94614dbf92688782a7b77b0"
            ],
            "version": "==1.1.1"
        },
        "invenio-indexer": {
            "extras": [
                "elasticsearch6"
            ],
            "hashes": [
                "sha256:f51a7eda14048da000b4a1ee74a137fd33d9b96119daa968af1b2fe6a4421e8c"
            ],
            "index": "pypi",
            "version": "==1.0.1"
        },
        "invenio-jsonschemas": {
            "hashes": [
                "sha256:12e2f3ac6013c741abe9225480183131591f008afb4a685fa3fa96203d7ca07a",
                "sha256:acaa24e0f9d939a7c63ce24f383779f2b2d2f15925c2d35c4bf346066ce7a67c"
            ],
            "index": "pypi",
            "version": "==1.0.0"
        },
        "invenio-logging": {
            "hashes": [
                "sha256:3fbb98df403cf6d8a8fc99aa22229567ea2034d81034dd2347b3cd65689275b7",
                "sha256:43e23b47c46c3f078240e4aae24640c63743ac9a9955b6c2dc0b495ce073e340"
            ],
            "index": "pypi",
            "version": "==1.0.0"
        },
        "invenio-mail": {
            "hashes": [
                "sha256:898952aa8984426074fd92b60bbe3ac67117cae0c724724aa63476416a7b7647",
                "sha256:fcd9ec4a89e0e68d09a9b9a638ee625e260ef98d6bc9d7aa172ec3969a95933f"
            ],
            "version": "==1.0.2"
        },
        "invenio-oauth2server": {
            "hashes": [
                "sha256:303b642e24ca8942d1c5f888ea648625ee4f27ce83bda31adb6a047bac6aca1b",
                "sha256:d5f5f12df1a76d65f17b3dafdc40cec91667f4cb41694e4ab134b7d31018a0b7"
            ],
            "index": "pypi",
            "version": "==1.0.3"
        },
        "invenio-oauthclient": {
            "hashes": [
                "sha256:06d82c7b9596830924620ca2013cea3a89c2575e9c5400eb294d1abe5e50bf32",
                "sha256:61df83394bd4185911b0ef560b02e7a566b9e0cc41d17244d379d01890d01d88"
            ],
            "index": "pypi",
            "version": "==1.0.1"
        },
        "invenio-pidstore": {
            "hashes": [
                "sha256:582b28e7e2bdf4df93e5398a0e147b2eb08690ede339249dd3a8c92b713e6f00",
                "sha256:77f59075dfa34564b913e5d58f37d55b2c78d7b4fa1eeaa5f8c42576848bb06d"
            ],
            "version": "==1.0.0"
        },
        "invenio-records": {
            "extras": [
                "postgresql"
            ],
            "hashes": [
                "sha256:56487d0b7b800877e45f385dbba831fc988ca4df935ced281543dcaa1b6dd351",
                "sha256:d25c865c7ba3be059a5699e5e135a46e6fbb06370b58754ef22c7fdf337a12f1"
            ],
            "index": "pypi",
            "version": "==1.0.1"
        },
        "invenio-records-rest": {
            "extras": [
                "elasticsearch6"
            ],
            "hashes": [
                "sha256:6b81d790c2ff4cc0c9f744375117c0b06edea10042600a6bb67dbdff4da7746d",
                "sha256:9b067710b0e98ccb763576155423c423be2f8245a5a137dd2566f3e386bd23c2"
            ],
            "index": "pypi",
            "version": "==1.3.0"
        },
        "invenio-rest": {
            "extras": [
                "cors"
            ],
            "hashes": [
                "sha256:665cdc6d7f47b532e4823dc1a0a62de32e31caf387efc93aff7593a34124ee1d",
                "sha256:e5a73fcfc15c052840608950c0524447f1e86d24cc58a8fbf12a48a82f7e582a"
            ],
            "index": "pypi",
            "version": "==1.0.0"
        },
        "invenio-search": {
            "extras": [
                "elasticsearch6"
            ],
            "hashes": [
                "sha256:b41c7db7cb9adba6d9f1b8ce332bec0b6b647b6ce5df4679620c59e74a9c5970",
                "sha256:f24f0c1fe083e78574908590a463da80c1def9dd1753d8ba6ab8b123cad75131"
            ],
            "index": "pypi",
            "version": "==1.0.2"
        },
        "invenio-theme": {
            "hashes": [
                "sha256:7353b4ff06a01e15deb987ba86d43c0d8218fb46f0432330f8bcf3de4ba3812b",
                "sha256:88a904a8b95ddbb36f450e7e9e87f18dedc93b99ba32299b04355289e9752584"
            ],
            "index": "pypi",
            "version": "==1.1.2"
        },
        "ipaddress": {
            "hashes": [
                "sha256:64b28eec5e78e7510698f6d4da08800a5c575caa4a286c93d651c5d3ff7b6794",
                "sha256:b146c751ea45cad6188dd6cf2d9b757f6f4f8d6ffb96a023e6f2e26eea02a72c"
            ],
            "version": "==1.0.22"
        },
        "ipython": {
            "hashes": [
                "sha256:007dcd929c14631f83daff35df0147ea51d1af420da303fd078343878bd5fb62",
                "sha256:b0f2ef9eada4a68ef63ee10b6dde4f35c840035c50fd24265f8052c98947d5a4"
            ],
            "version": "==6.5.0"
        },
        "ipython-genutils": {
            "hashes": [
                "sha256:72dd37233799e619666c9f639a9da83c34013a73e8bbc79a7a6348d93c61fab8",
                "sha256:eb2e116e75ecef9d4d228fdc66af54269afa26ab4463042e33785b887c628ba8"
            ],
            "version": "==0.2.0"
        },
        "itsdangerous": {
            "hashes": [
                "sha256:321b033d07f2a4136d3ec762eac9f16a10ccd60f53c0c91af90217ace7ba1f19",
                "sha256:b12271b2047cb23eeb98c8b5622e2e5c5e9abd9784a153e9d8ef9cb4dd09d749"
            ],
            "version": "==1.1.0"
        },
        "jedi": {
            "hashes": [
                "sha256:571702b5bd167911fe9036e5039ba67f820d6502832285cde8c881ab2b2149fd",
                "sha256:c8481b5e59d34a5c7c42e98f6625e633f6ef59353abea6437472c7ec2093f191"
            ],
            "version": "==0.13.2"
        },
        "jinja2": {
            "hashes": [
                "sha256:74c935a1b8bb9a3947c50a54766a969d4846290e1e788ea44c1392163723c3bd",
                "sha256:f84be1bb0040caca4cea721fcbbbbd61f9be9464ca236387158b0feea01914a4"
            ],
            "version": "==2.10"
        },
        "jinja2-time": {
            "hashes": [
                "sha256:d14eaa4d315e7688daa4969f616f226614350c48730bfa1692d2caebd8c90d40",
                "sha256:d3eab6605e3ec8b7a0863df09cc1d23714908fa61aa6986a845c20ba488b4efa"
            ],
            "version": "==0.2.0"
        },
        "jsmin": {
            "hashes": [
                "sha256:b6df99b2cd1c75d9d342e4335b535789b8da9107ec748212706ef7bbe5c2553b"
            ],
            "version": "==2.2.2"
        },
        "jsonpatch": {
            "hashes": [
                "sha256:49f29cab70e9068db3b1dc6b656cbe2ee4edf7dfe9bf5a0055f17a4b6804a4b9",
                "sha256:8bf92fa26bc42c346c03bd4517722a8e4f429225dbe775ac774b2c70d95dbd33"
            ],
            "version": "==1.23"
        },
        "jsonpointer": {
            "hashes": [
                "sha256:c192ba86648e05fdae4f08a17ec25180a9aef5008d973407b581798a83975362",
                "sha256:ff379fa021d1b81ab539f5ec467c7745beb1a5671463f9dcc2b2d458bd361c1e"
            ],
            "version": "==2.0"
        },
        "jsonref": {
            "hashes": [
                "sha256:b1e82fa0b62e2c2796a13e5401fe51790b248f6d9bf9d7212a3e31a3501b291f",
                "sha256:f3c45b121cf6257eafabdc3a8008763aed1cd7da06dbabc59a9e4d2a5e4e6697"
            ],
            "version": "==0.2"
        },
        "jsonresolver": {
            "hashes": [
                "sha256:bd4268b07143cc6a5895783185266e72be1546c9332febbd09f29ad80daa0f7e",
                "sha256:cf1e37f4c8db7415a53f8118cde988ba746f486d890732bd83f6f1ff6083c11b"
            ],
            "version": "==0.2.1"
        },
        "jsonschema": {
            "hashes": [
                "sha256:000e68abd33c972a5248544925a0cae7d1125f9bf6c58280d37546b946769a08",
                "sha256:6ff5f3180870836cae40f06fa10419f557208175f13ad7bc26caa77beb1f6e02"
            ],
            "version": "==2.6.0"
        },
        "kombu": {
            "hashes": [
                "sha256:529df9e0ecc0bad9fc2b376c3ce4796c41b482cf697b78b71aea6ebe7ca353c8",
                "sha256:7a2cbed551103db9a4e2efafe9b63222e012a61a18a881160ad797b9d4e1d0a1"
            ],
            "version": "==4.3.0"
        },
        "ldap": {
            "hashes": [
                "sha256:323cc7826b5d3bf9b400ca64dfdef490e68abbc607cfe50b2b9fa75f3081869e",
                "sha256:ead51179daa5dbe6f635f5dbac4357ac7a2c278b5455393064522efb172377e5"
            ],
            "index": "pypi",
            "version": "==1.0.2"
        },
        "ldap3": {
            "hashes": [
                "sha256:3f67c83185b1f0df8fdf6b52fa42c55bc9e9b7120c8b7fec60f0d6003c536d18",
                "sha256:dd9be8ea27773c4ffc18ede0b95c3ca1eb12513a184590b9f8ae423db3f71eb9"
            ],
            "version": "==2.5.2"
        },
        "limits": {
            "hashes": [
                "sha256:9df578f4161017d79f5188609f1d65f6b639f8aad2914c3960c9252e56a0ff95",
                "sha256:a017b8d9e9da6761f4574642149c337f8f540d4edfe573fb91ad2c4001a2bc76"
            ],
            "version": "==1.3"
        },
        "mako": {
            "hashes": [
                "sha256:4e02fde57bd4abb5ec400181e4c314f56ac3e49ba4fb8b0d50bba18cb27d25ae"
            ],
            "version": "==1.0.7"
        },
        "markupsafe": {
            "hashes": [
                "sha256:048ef924c1623740e70204aa7143ec592504045ae4429b59c30054cb31e3c432",
                "sha256:130f844e7f5bdd8e9f3f42e7102ef1d49b2e6fdf0d7526df3f87281a532d8c8b",
                "sha256:19f637c2ac5ae9da8bfd98cef74d64b7e1bb8a63038a3505cd182c3fac5eb4d9",
                "sha256:1b8a7a87ad1b92bd887568ce54b23565f3fd7018c4180136e1cf412b405a47af",
                "sha256:1c25694ca680b6919de53a4bb3bdd0602beafc63ff001fea2f2fc16ec3a11834",
                "sha256:1f19ef5d3908110e1e891deefb5586aae1b49a7440db952454b4e281b41620cd",
                "sha256:1fa6058938190ebe8290e5cae6c351e14e7bb44505c4a7624555ce57fbbeba0d",
                "sha256:31cbb1359e8c25f9f48e156e59e2eaad51cd5242c05ed18a8de6dbe85184e4b7",
                "sha256:3e835d8841ae7863f64e40e19477f7eb398674da6a47f09871673742531e6f4b",
                "sha256:4e97332c9ce444b0c2c38dd22ddc61c743eb208d916e4265a2a3b575bdccb1d3",
                "sha256:525396ee324ee2da82919f2ee9c9e73b012f23e7640131dd1b53a90206a0f09c",
                "sha256:52b07fbc32032c21ad4ab060fec137b76eb804c4b9a1c7c7dc562549306afad2",
                "sha256:52ccb45e77a1085ec5461cde794e1aa037df79f473cbc69b974e73940655c8d7",
                "sha256:5c3fbebd7de20ce93103cb3183b47671f2885307df4a17a0ad56a1dd51273d36",
                "sha256:5e5851969aea17660e55f6a3be00037a25b96a9b44d2083651812c99d53b14d1",
                "sha256:5edfa27b2d3eefa2210fb2f5d539fbed81722b49f083b2c6566455eb7422fd7e",
                "sha256:7d263e5770efddf465a9e31b78362d84d015cc894ca2c131901a4445eaa61ee1",
                "sha256:83381342bfc22b3c8c06f2dd93a505413888694302de25add756254beee8449c",
                "sha256:857eebb2c1dc60e4219ec8e98dfa19553dae33608237e107db9c6078b1167856",
                "sha256:98e439297f78fca3a6169fd330fbe88d78b3bb72f967ad9961bcac0d7fdd1550",
                "sha256:bf54103892a83c64db58125b3f2a43df6d2cb2d28889f14c78519394feb41492",
                "sha256:d9ac82be533394d341b41d78aca7ed0e0f4ba5a2231602e2f05aa87f25c51672",
                "sha256:e982fe07ede9fada6ff6705af70514a52beb1b2c3d25d4e873e82114cf3c5401",
                "sha256:edce2ea7f3dfc981c4ddc97add8a61381d9642dc3273737e756517cc03e84dd6",
                "sha256:efdc45ef1afc238db84cb4963aa689c0408912a0239b0721cb172b4016eb31d6",
                "sha256:f137c02498f8b935892d5c0172560d7ab54bc45039de8805075e19079c639a9c",
                "sha256:f82e347a72f955b7017a39708a3667f106e6ad4d10b25f237396a7115d8ed5fd",
                "sha256:fb7c206e01ad85ce57feeaaa0bf784b97fa3cad0d4a5737bc5295785f5c613a1"
            ],
            "version": "==1.1.0"
        },
        "marshmallow": {
            "hashes": [
                "sha256:6eeaf1301a5f5942bfe8ab2c2eaf03feb793072b56d5fae563638bddd7bb62e6",
                "sha256:f72a206432a3369dd72824564d18d915761e07805c05f00d0dcc7885fac1e385"
            ],
            "version": "==2.18.1"
        },
        "maxminddb": {
            "hashes": [
                "sha256:df1451bcd848199905ac0de4631b3d02d6a655ad28ba5e5a4ca29a23358db712"
            ],
            "version": "==1.4.1"
        },
        "maxminddb-geolite2": {
            "hashes": [
                "sha256:2bd118c5567f3a8323d6c5da23a6e6d52cfc09cd9987b54eb712cf6001a96e03"
            ],
            "version": "==2018.703"
        },
        "node-semver": {
            "hashes": [
                "sha256:e29ee4e51efb6d82c55aef5d569b888842e62e6404ce95df18d80c421f8e7dac"
            ],
            "version": "==0.1.1"
        },
        "npm": {
            "hashes": [
                "sha256:84aefc83a3486d034c4c14f8bcd4b746b95b529289b0d042c268f6201c3034e9"
            ],
            "index": "pypi",
            "version": "==0.1.1"
        },
        "oauthlib": {
            "hashes": [
                "sha256:ac35665a61c1685c56336bda97d5eefa246f1202618a1d6f34fccb1bdd404162",
                "sha256:d883b36b21a6ad813953803edfa563b1b579d79ca758fe950d1bc9e8b326025b"
            ],
            "version": "==2.1.0"
        },
        "optional-django": {
            "hashes": [
                "sha256:77d6b9fb74bda30583e1af4683a39e0af725cea6003252bba75838f4939326c5"
            ],
            "version": "==0.1.0"
        },
        "parso": {
            "hashes": [
                "sha256:4580328ae3f548b358f4901e38c0578229186835f0fa0846e47369796dd5bcc9",
                "sha256:68406ebd7eafe17f8e40e15a84b56848eccbf27d7c1feb89e93d8fca395706db"
            ],
            "version": "==0.3.4"
        },
        "passlib": {
            "hashes": [
                "sha256:3d948f64138c25633613f303bcc471126eae67c04d5e3f6b7b8ce6242f8653e0",
                "sha256:43526aea08fa32c6b6dbbbe9963c4c767285b78147b7437597f992812f69d280"
            ],
            "version": "==1.7.1"
        },
        "pexpect": {
            "hashes": [
                "sha256:2a8e88259839571d1251d278476f3eec5db26deb73a70be5ed5dc5435e418aba",
                "sha256:3fbd41d4caf27fa4a377bfd16fef87271099463e6fa73e92a52f92dfee5d425b"
            ],
            "markers": "sys_platform != 'win32'",
            "version": "==4.6.0"
        },
        "pickleshare": {
            "hashes": [
                "sha256:87683d47965c1da65cdacaf31c8441d12b8044cdec9aca500cd78fc2c683afca",
                "sha256:9649af414d74d4df115d5d718f82acb59c9d418196b7b4290ed47a12ce62df56"
            ],
            "version": "==0.7.5"
        },
        "pluggy": {
            "hashes": [
                "sha256:8ddc32f03971bfdf900a81961a48ccf2fb677cf7715108f85295c67405798616",
                "sha256:980710797ff6a041e9a73a5787804f848996ecaa6f8a1b1e08224a5894f2074a"
            ],
            "version": "==0.8.1"
        },
        "poyo": {
            "hashes": [
                "sha256:c34a5413191210ed564640510e9c4a4ba3b698746d6b454d46eb5bfb30edcd1d",
                "sha256:d1c317054145a6b1ca0608b5e676b943ddc3bfd671f886a2fe09288b98221edb"
            ],
            "version": "==0.4.2"
        },
        "prompt-toolkit": {
            "hashes": [
                "sha256:1df952620eccb399c53ebb359cc7d9a8d3a9538cb34c5a1344bdbeb29fbcc381",
                "sha256:3f473ae040ddaa52b52f97f6b4a493cfa9f5920c255a12dc56a7d34397a398a4",
                "sha256:858588f1983ca497f1cf4ffde01d978a3ea02b01c8a26a8bbc5cd2e66d816917"
            ],
            "version": "==1.0.15"
        },
        "psycopg2-binary": {
            "hashes": [
                "sha256:19a2d1f3567b30f6c2bb3baea23f74f69d51f0c06c2e2082d0d9c28b0733a4c2",
                "sha256:2b69cf4b0fa2716fd977aa4e1fd39af6110eb47b2bb30b4e5a469d8fbecfc102",
                "sha256:2e952fa17ba48cbc2dc063ddeec37d7dc4ea0ef7db0ac1eda8906365a8543f31",
                "sha256:348b49dd737ff74cfb5e663e18cb069b44c64f77ec0523b5794efafbfa7df0b8",
                "sha256:3d72a5fdc5f00ca85160915eb9a973cf9a0ab8148f6eda40708bf672c55ac1d1",
                "sha256:4957452f7868f43f32c090dadb4188e9c74a4687323c87a882e943c2bd4780c3",
                "sha256:5138cec2ee1e53a671e11cc519505eb08aaaaf390c508f25b09605763d48de4b",
                "sha256:587098ca4fc46c95736459d171102336af12f0d415b3b865972a79c03f06259f",
                "sha256:5b79368bcdb1da4a05f931b62760bea0955ee2c81531d8e84625df2defd3f709",
                "sha256:5cf43807392247d9bc99737160da32d3fa619e0bfd85ba24d1c78db205f472a4",
                "sha256:676d1a80b1eebc0cacae8dd09b2fde24213173bf65650d22b038c5ed4039f392",
                "sha256:6b0211ecda389101a7d1d3df2eba0cf7ffbdd2480ca6f1d2257c7bd739e84110",
                "sha256:79cde4660de6f0bb523c229763bd8ad9a93ac6760b72c369cf1213955c430934",
                "sha256:7aba9786ac32c2a6d5fb446002ed936b47d5e1f10c466ef7e48f66eb9f9ebe3b",
                "sha256:7c8159352244e11bdd422226aa17651110b600d175220c451a9acf795e7414e0",
                "sha256:945f2eedf4fc6b2432697eb90bb98cc467de5147869e57405bfc31fa0b824741",
                "sha256:96b4e902cde37a7fc6ab306b3ac089a3949e6ce3d824eeca5b19dc0bedb9f6e2",
                "sha256:9a7bccb1212e63f309eb9fab47b6eaef796f59850f169a25695b248ca1bf681b",
                "sha256:a3bfcac727538ec11af304b5eccadbac952d4cca1a551a29b8fe554e3ad535dc",
                "sha256:b19e9f1b85c5d6136f5a0549abdc55dcbd63aba18b4f10d0d063eb65ef2c68b4",
                "sha256:b664011bb14ca1f2287c17185e222f2098f7b4c857961dbcf9badb28786dbbf4",
                "sha256:bde7959ef012b628868d69c474ec4920252656d0800835ed999ba5e4f57e3e2e",
                "sha256:cb095a0657d792c8de9f7c9a0452385a309dfb1bbbb3357d6b1e216353ade6ca",
                "sha256:d16d42a1b9772152c1fe606f679b2316551f7e1a1ce273e7f808e82a136cdb3d",
                "sha256:d444b1545430ffc1e7a24ce5a9be122ccd3b135a7b7e695c5862c5aff0b11159",
                "sha256:d93ccc7bf409ec0a23f2ac70977507e0b8a8d8c54e5ee46109af2f0ec9e411f3",
                "sha256:df6444f952ca849016902662e1a47abf4fa0678d75f92fd9dd27f20525f809cd",
                "sha256:e63850d8c52ba2b502662bf3c02603175c2397a9acc756090e444ce49508d41e",
                "sha256:ec43358c105794bc2b6fd34c68d27f92bea7102393c01889e93f4b6a70975728",
                "sha256:f4c6926d9c03dadce7a3b378b40d2fea912c1344ef9b29869f984fb3d2a2420b"
            ],
            "version": "==2.7.7"
        },
        "ptyprocess": {
            "hashes": [
                "sha256:923f299cc5ad920c68f2bc0bc98b75b9f838b93b599941a6b63ddbc2476394c0",
                "sha256:d7cc528d76e76342423ca640335bd3633420dc1366f258cb31d05e865ef5ca1f"
            ],
            "version": "==0.6.0"
        },
        "pyasn1": {
            "hashes": [
                "sha256:da2420fe13a9452d8ae97a0e478adde1dee153b11ba832a95b223a2ba01c10f7",
                "sha256:da6b43a8c9ae93bc80e2739efb38cc776ba74a886e3e9318d65fe81a8b8a2c6e"
            ],
            "version": "==0.4.5"
        },
        "pyasn1-modules": {
            "hashes": [
                "sha256:79580acf813e3b7d6e69783884e6e83ac94bf4617b36a135b85c599d8a818a7b",
                "sha256:a52090e8c5841ebbf08ae455146792d9ef3e8445b21055d3a3b7ed9c712b7c7c"
            ],
            "version": "==0.2.4"
        },
        "pycparser": {
            "hashes": [
                "sha256:a988718abfad80b6b157acce7bf130a30876d27603738ac39f140993246b25b3"
            ],
            "version": "==2.19"
        },
        "pygments": {
            "hashes": [
                "sha256:5ffada19f6203563680669ee7f53b64dabbeb100eb51b61996085e99c03b284a",
                "sha256:e8218dd399a61674745138520d0d4cf2621d7e032439341bc3f647bff125818d"
            ],
            "version": "==2.3.1"
        },
        "pyjwt": {
            "hashes": [
                "sha256:5c6eca3c2940464d106b99ba83b00c6add741c9becaec087fb7ccdefea71350e",
                "sha256:8d59a976fb773f3e6a39c85636357c4f0e242707394cadadd9814f5cbaa20e96"
            ],
            "version": "==1.7.1"
        },
        "pynpm": {
            "hashes": [
                "sha256:b3c2efafc15b0ca4f0a1cc819e55af4179c2b43a2f9bb7b1a1cc1763dc3daa52",
                "sha256:e4df0427cd2357ca67d68a322af6873c5ce67e1625a45acfb9603e4448bf3464"
            ],
            "version": "==0.1.1"
        },
        "python-dateutil": {
            "hashes": [
                "sha256:7e6584c74aeed623791615e26efd690f29817a27c73085b78e4bad02493df2fb",
                "sha256:c89805f6f4d64db21ed966fda138f8a5ed7a4fdbc1a8ee329ce1b74e3c74da9e"
            ],
            "version": "==2.8.0"
        },
        "python-editor": {
            "hashes": [
                "sha256:1bf6e860a8ad52a14c3ee1252d5dc25b2030618ed80c022598f00176adc8367d",
                "sha256:51fda6bcc5ddbbb7063b2af7509e43bd84bfc32a4ff71349ec7847713882327b",
                "sha256:5f98b069316ea1c2ed3f67e7f5df6c0d8f10b689964a4a811ff64f0106819ec8"
            ],
            "version": "==1.0.4"
        },
        "python-ldap": {
            "hashes": [
                "sha256:41975e79406502c092732c57ef0c2c2eb318d91e8e765f81f5d4ab6c1db727c5"
            ],
            "index": "pypi",
            "version": "==3.1.0"
        },
        "pytz": {
            "hashes": [
                "sha256:32b0891edff07e28efe91284ed9c31e123d84bea3fd98e1f72be2508f43ef8d9",
                "sha256:d5f05e487007e29e03409f9398d074e158d920d36eb82eaf66fb1136b0c5374c"
            ],
            "version": "==2018.9"
        },
        "pywebpack": {
            "hashes": [
                "sha256:2ee79570f56a5a5ec532ffb1ae95c268cd5acceb94d94df63cec47486a7e2e2c",
                "sha256:ef115f8f87347f975271523b0dea85d38cf04db0aa017a684c4d8067c71324e4"
            ],
            "version": "==1.0.0"
        },
        "raven": {
            "hashes": [
                "sha256:3fd787d19ebb49919268f06f19310e8112d619ef364f7989246fc8753d469888",
                "sha256:95f44f3ea2c1b176d5450df4becdb96c15bf2632888f9ab193e9dd22300ce46a"
            ],
            "index": "pypi",
            "version": "==6.9.0"
        },
        "redis": {
            "hashes": [
                "sha256:8a1900a9f2a0a44ecf6e8b5eb3e967a9909dfed219ad66df094f27f7d6f330fb",
                "sha256:a22ca993cea2962dbb588f9f30d0015ac4afcc45bee27d3978c0dbe9e97c6c0f"
            ],
            "index": "pypi",
            "version": "==2.10.6"
        },
        "requests": {
            "hashes": [
                "sha256:502a824f31acdacb3a35b6690b5fbf0bc41d63a24a45c4004352b0242707598e",
                "sha256:7bf2a778576d825600030a110f3c0e3e8edc51dfaafe1c146e39a2027784957b"
            ],
            "version": "==2.21.0"
        },
        "requests-oauthlib": {
            "hashes": [
                "sha256:be76f2bb72ca5525998e81d47913e09b1ca8b7957ae89b46f787a79e68ad5e61",
                "sha256:eabd8eb700ebed81ba080c6ead96d39d6bdc39996094bd23000204f6965786b0"
            ],
            "version": "==1.1.0"
        },
        "simplegeneric": {
            "hashes": [
                "sha256:dc972e06094b9af5b855b3df4a646395e43d1c9d0d39ed345b7393560d0b9173"
            ],
            "version": "==0.8.1"
        },
        "simplekv": {
            "hashes": [
                "sha256:4a1cfa19a44f51bc71a3b47d32619b801992217f5e12f39c28aaed2dcff5e795",
                "sha256:c34608abb2b492c9a06e1c56c6cbb8f88c74ff699490359b9e06874ac58588c2"
            ],
            "version": "==0.11.11"
        },
        "six": {
            "hashes": [
                "sha256:3350809f0555b11f552448330d0b52d5f24c91a322ea4a15ef22629740f3761c",
                "sha256:d16a0141ec1a18405cd4ce8b4613101da75da0e9a7aec5bdd4fa804d0e0eba73"
            ],
            "version": "==1.12.0"
        },
        "speaklater": {
            "hashes": [
                "sha256:59fea336d0eed38c1f0bf3181ee1222d0ef45f3a9dd34ebe65e6bfffdd6a65a9"
            ],
            "version": "==1.3"
        },
        "sqlalchemy": {
            "hashes": [
                "sha256:8027fa183f5be466030617a497b2d64e0e16c8d615e5a34bdf9fab6f66bf4723"
            ],
            "version": "==1.2.18"
        },
        "sqlalchemy-continuum": {
            "hashes": [
                "sha256:18376f3ab167209a47849e16d33119e3374ec73f58ac5d3dd8e9a37a84956fb8"
            ],
            "version": "==1.3.4"
        },
        "sqlalchemy-utils": {
            "extras": [
                "encrypted"
            ],
            "hashes": [
                "sha256:3f1cb542cf0549a0de508d4919f3ad693a36230bf4cd13fdd6253549fec71182"
            ],
            "version": "==0.33.11"
        },
        "traitlets": {
            "hashes": [
                "sha256:9c4bd2d267b7153df9152698efb1050a5d84982d3384a37b2c1f7723ba3e7835",
                "sha256:c6cb5e6f57c5a9bdaa40fa71ce7b4af30298fbab9ece9815b5d995ab6217c7d9"
            ],
            "version": "==4.3.2"
        },
        "typing": {
            "hashes": [
                "sha256:4027c5f6127a6267a435201981ba156de91ad0d1d98e9ddc2aa173453453492d",
                "sha256:57dcf675a99b74d64dacf6fba08fb17cf7e3d5fdff53d4a30ea2a5e7e52543d4",
                "sha256:a4c8473ce11a65999c8f59cb093e70686b6c84c98df58c1dae9b3b196089858a"
            ],
            "markers": "python_version <= '3.4'",
            "version": "==3.6.6"
        },
        "ua-parser": {
            "hashes": [
                "sha256:3908c19ea0abdcdfe7245366dc03e5b4a8901ec17105bd66ba2ccbe3948dce8a",
                "sha256:97bbcfc9321a3151d96bb5d62e54270247b0e3be0590a6f2ff12329851718dcb"
            ],
            "version": "==0.8.0"
        },
        "uritools": {
            "hashes": [
                "sha256:522c2027e51e70e0cc40aa703fbf8665a879776826317ff1b68069084030975b",
                "sha256:80e8e23cafad54fd85811b5d9ba0fc595d933f5727c61c3937945eec09f99e2b"
            ],
            "version": "==2.2.0"
        },
        "urllib3": {
            "hashes": [
                "sha256:61bf29cada3fc2fbefad4fdf059ea4bd1b4a86d2b6d15e1c7c0b582b9752fe39",
                "sha256:de9529817c93f27c8ccbfead6985011db27bd0ddfcdb2d86f3f663385c6a9c22"
            ],
            "version": "==1.24.1"
        },
        "uwsgi": {
            "hashes": [
                "sha256:4972ac538800fb2d421027f49b4a1869b66048839507ccf0aa2fda792d99f583"
            ],
            "index": "pypi",
            "version": "==2.0.18"
        },
        "uwsgi-tools": {
            "hashes": [
                "sha256:565e10945c50ed6f4378168a2a609bb7d1c2c5b21ab23edd1ad5f73d15ab6356",
                "sha256:7d557c83b1803962ea73c2f19688b0d5e7d212f382d0a1a0a4586ae0f34f4cb2"
            ],
            "index": "pypi",
            "version": "==1.1.1"
        },
        "validators": {
            "hashes": [
                "sha256:68e4b74889aac1270d83636cb1dbcce3d2271e291ab14023cf95e7dbfbbce09d"
            ],
            "version": "==0.12.4"
        },
        "vine": {
            "hashes": [
                "sha256:3cd505dcf980223cfaf13423d371f2e7ff99247e38d5985a01ec8264e4f2aca1",
                "sha256:ee4813e915d0e1a54e5c1963fde0855337f82655678540a6bc5996bca4165f76"
            ],
            "version": "==1.2.0"
        },
        "wcwidth": {
            "hashes": [
                "sha256:3df37372226d6e63e1b1e1eda15c594bca98a22d33a23832a90998faa96bc65e",
                "sha256:f4ebe71925af7b40a864553f761ed559b43544f8f71746c2d756c7fe788ade7c"
            ],
            "version": "==0.1.7"
        },
        "webargs": {
            "hashes": [
                "sha256:10438164b41b81abe45b299eb182580f7bc6bcdbc864b0cbd62845bb6bab424d",
                "sha256:3bed01136ea4a7d1468a54f6c3925d133872a83a2144e83a94f484731576bc58",
                "sha256:494044344b5673e3624621d0e9d14d5dc01dd05c0b5b8952febc80a4f80181f6"
            ],
            "version": "==5.1.2"
        },
        "webassets": {
            "hashes": [
                "sha256:e7d9c8887343123fd5b32309b33167428cb1318cdda97ece12d0907fd69d38db"
            ],
            "version": "==0.12.1"
        },
        "webencodings": {
            "hashes": [
                "sha256:a0af1213f3c2226497a97e2b3aa01a7e4bee4f403f95be16fc9acd2947514a78",
                "sha256:b36a1c245f2d304965eb4e0a82848379241dc04b865afcc4aab16748587e1923"
            ],
            "version": "==0.5.1"
        },
        "werkzeug": {
            "hashes": [
                "sha256:c3fd7a7d41976d9f44db327260e263132466836cef6f91512889ed60ad26557c",
                "sha256:d5da73735293558eb1651ee2fddc4d0dedcfa06538b8813a2e20011583c9e49b"
            ],
            "version": "==0.14.1"
        },
        "whichcraft": {
            "hashes": [
                "sha256:7533870f751901a0ce43c93cc9850186e9eba7fe58c924dfb435968ba9c9fa4e",
                "sha256:fecddd531f237ffc5db8b215409afb18fa30300699064cca4817521b4fc81815"
            ],
            "version": "==0.5.2"
        },
        "wtforms": {
            "hashes": [
                "sha256:0cdbac3e7f6878086c334aa25dc5a33869a3954e9d1e015130d65a69309b3b61",
                "sha256:e3ee092c827582c50877cdbd49e9ce6d2c5c1f6561f849b3b068c1b8029626f1"
            ],
            "version": "==2.2.1"
        },
        "wtforms-alchemy": {
            "hashes": [
                "sha256:c6ed0b22096542fd3063c00329af56a9a338ba3d9b8656acc6404cfdd8085974"
            ],
            "version": "==0.16.8"
        },
        "wtforms-components": {
            "hashes": [
                "sha256:e66cd8fa8269bfb75b40453ade387a55d55ba33aac534264043d6d283285d2e4"
            ],
            "version": "==0.10.3"
        }
    },
    "develop": {}
}
